
Microsoft Visual Studio Solution File, Format Version 12.00
# Visual Studio Version 16
VisualStudioVersion = 16.0.30517.126
MinimumVisualStudioVersion = 15.0.26124.0
Project("{9A19103F-16F7-4668-BE54-9A1E7A4F7556}") = "BasicWinForms", "BasicWinForms\BasicWinForms.csproj", "{215CD491-26C2-43A7-A733-C6287D934C9D}"
EndProject
Project("{FAE04EC0-301F-11D3-BF4B-00C04F79EFBC}") = "LegacyWinForms", "LegacyWinForms\LegacyWinForms.csproj", "{F0AEB931-D6D8-45DC-B549-E8A39FEFBD4A}"
EndProject
Project("{FAE04EC0-301F-11D3-BF4B-00C04F79EFBC}") = "NorthwindFluent", "NorthwindFluent\NorthwindFluent.csproj", "{50DA8A09-6AAD-43ED-8E63-0EA416F54657}"
EndProject
Project("{9A19103F-16F7-4668-BE54-9A1E7A4F7556}") = "NorthwindContextLib", "..\NorthwindContextLib\NorthwindContextLib.csproj", "{449DB711-E7BC-4B73-8059-BD7AA479B20C}"
EndProject
Project("{9A19103F-16F7-4668-BE54-9A1E7A4F7556}") = "NorthwindEntitiesLib", "..\NorthwindEntitiesLib\NorthwindEntitiesLib.csproj", "{85C780A0-147B-4192-A9D9-13F66084A433}"
EndProject
Project("{FAE04EC0-301F-11D3-BF4B-00C04F79EFBC}") = "NorthwindMobile.Android", "NorthwindMobile\NorthwindMobile.Android\NorthwindMobile.Android.csproj", "{E2B89C3A-F8BF-487A-8DEA-5849D9E671ED}"
EndProject
Project("{FAE04EC0-301F-11D3-BF4B-00C04F79EFBC}") = "NorthwindMobile.iOS", "NorthwindMobile\NorthwindMobile.iOS\NorthwindMobile.iOS.csproj", "{DFEA257C-F55A-4D7A-B4F7-77E0644E17E5}"
EndProject
Project("{9A19103F-16F7-4668-BE54-9A1E7A4F7556}") = "NorthwindMobile", "NorthwindMobile\NorthwindMobile\NorthwindMobile.csproj", "{377363E7-EE62-4038-9828-3B6432895B7A}"
EndProject
Global
	GlobalSection(SolutionConfigurationPlatforms) = preSolution
		Debug|Any CPU = Debug|Any CPU
		Debug|ARM = Debug|ARM
		Debug|ARM64 = Debug|ARM64
		Debug|iPhone = Debug|iPhone
		Debug|iPhoneSimulator = Debug|iPhoneSimulator
		Debug|x64 = Debug|x64
		Debug|x86 = Debug|x86
		Release|Any CPU = Release|Any CPU
		Release|ARM = Release|ARM
		Release|ARM64 = Release|ARM64
		Release|iPhone = Release|iPhone
		Release|iPhoneSimulator = Release|iPhoneSimulator
		Release|x64 = Release|x64
		Release|x86 = Release|x86
	EndGlobalSection
	GlobalSection(ProjectConfigurationPlatforms) = postSolution
		{215CD491-26C2-43A7-A733-C6287D934C9D}.Debug|Any CPU.ActiveCfg = Debug|Any CPU
		{215CD491-26C2-43A7-A733-C6287D934C9D}.Debug|Any CPU.Build.0 = Debug|Any CPU
		{215CD491-26C2-43A7-A733-C6287D934C9D}.Debug|ARM.ActiveCfg = Debug|Any CPU
		{215CD491-26C2-43A7-A733-C6287D934C9D}.Debug|ARM.Build.0 = Debug|Any CPU
		{215CD491-26C2-43A7-A733-C6287D934C9D}.Debug|ARM64.ActiveCfg = Debug|Any CPU
		{215CD491-26C2-43A7-A733-C6287D934C9D}.Debug|ARM64.Build.0 = Debug|Any CPU
		{215CD491-26C2-43A7-A733-C6287D934C9D}.Debug|iPhone.ActiveCfg = Debug|Any CPU
		{215CD491-26C2-43A7-A733-C6287D934C9D}.Debug|iPhone.Build.0 = Debug|Any CPU
		{215CD491-26C2-43A7-A733-C6287D934C9D}.Debug|iPhoneSimulator.ActiveCfg = Debug|Any CPU
		{215CD491-26C2-43A7-A733-C6287D934C9D}.Debug|iPhoneSimulator.Build.0 = Debug|Any CPU
		{215CD491-26C2-43A7-A733-C6287D934C9D}.Debug|x64.ActiveCfg = Debug|Any CPU
		{215CD491-26C2-43A7-A733-C6287D934C9D}.Debug|x64.Build.0 = Debug|Any CPU
		{215CD491-26C2-43A7-A733-C6287D934C9D}.Debug|x86.ActiveCfg = Debug|Any CPU
		{215CD491-26C2-43A7-A733-C6287D934C9D}.Debug|x86.Build.0 = Debug|Any CPU
		{215CD491-26C2-43A7-A733-C6287D934C9D}.Release|Any CPU.ActiveCfg = Release|Any CPU
		{215CD491-26C2-43A7-A733-C6287D934C9D}.Release|Any CPU.Build.0 = Release|Any CPU
		{215CD491-26C2-43A7-A733-C6287D934C9D}.Release|ARM.ActiveCfg = Release|Any CPU
		{215CD491-26C2-43A7-A733-C6287D934C9D}.Release|ARM.Build.0 = Release|Any CPU
		{215CD491-26C2-43A7-A733-C6287D934C9D}.Release|ARM64.ActiveCfg = Release|Any CPU
		{215CD491-26C2-43A7-A733-C6287D934C9D}.Release|ARM64.Build.0 = Release|Any CPU
		{215CD491-26C2-43A7-A733-C6287D934C9D}.Release|iPhone.ActiveCfg = Release|Any CPU
		{215CD491-26C2-43A7-A733-C6287D934C9D}.Release|iPhone.Build.0 = Release|Any CPU
		{215CD491-26C2-43A7-A733-C6287D934C9D}.Release|iPhoneSimulator.ActiveCfg = Release|Any CPU
		{215CD491-26C2-43A7-A733-C6287D934C9D}.Release|iPhoneSimulator.Build.0 = Release|Any CPU
		{215CD491-26C2-43A7-A733-C6287D934C9D}.Release|x64.ActiveCfg = Release|Any CPU
		{215CD491-26C2-43A7-A733-C6287D934C9D}.Release|x64.Build.0 = Release|Any CPU
		{215CD491-26C2-43A7-A733-C6287D934C9D}.Release|x86.ActiveCfg = Release|Any CPU
		{215CD491-26C2-43A7-A733-C6287D934C9D}.Release|x86.Build.0 = Release|Any CPU
		{F0AEB931-D6D8-45DC-B549-E8A39FEFBD4A}.Debug|Any CPU.ActiveCfg = Debug|Any CPU
		{F0AEB931-D6D8-45DC-B549-E8A39FEFBD4A}.Debug|Any CPU.Build.0 = Debug|Any CPU
		{F0AEB931-D6D8-45DC-B549-E8A39FEFBD4A}.Debug|ARM.ActiveCfg = Debug|Any CPU
		{F0AEB931-D6D8-45DC-B549-E8A39FEFBD4A}.Debug|ARM.Build.0 = Debug|Any CPU
		{F0AEB931-D6D8-45DC-B549-E8A39FEFBD4A}.Debug|ARM64.ActiveCfg = Debug|Any CPU
		{F0AEB931-D6D8-45DC-B549-E8A39FEFBD4A}.Debug|ARM64.Build.0 = Debug|Any CPU
		{F0AEB931-D6D8-45DC-B549-E8A39FEFBD4A}.Debug|iPhone.ActiveCfg = Debug|Any CPU
		{F0AEB931-D6D8-45DC-B549-E8A39FEFBD4A}.Debug|iPhone.Build.0 = Debug|Any CPU
		{F0AEB931-D6D8-45DC-B549-E8A39FEFBD4A}.Debug|iPhoneSimulator.ActiveCfg = Debug|Any CPU
		{F0AEB931-D6D8-45DC-B549-E8A39FEFBD4A}.Debug|iPhoneSimulator.Build.0 = Debug|Any CPU
		{F0AEB931-D6D8-45DC-B549-E8A39FEFBD4A}.Debug|x64.ActiveCfg = Debug|Any CPU
		{F0AEB931-D6D8-45DC-B549-E8A39FEFBD4A}.Debug|x64.Build.0 = Debug|Any CPU
		{F0AEB931-D6D8-45DC-B549-E8A39FEFBD4A}.Debug|x86.ActiveCfg = Debug|Any CPU
		{F0AEB931-D6D8-45DC-B549-E8A39FEFBD4A}.Debug|x86.Build.0 = Debug|Any CPU
		{F0AEB931-D6D8-45DC-B549-E8A39FEFBD4A}.Release|Any CPU.ActiveCfg = Release|Any CPU
		{F0AEB931-D6D8-45DC-B549-E8A39FEFBD4A}.Release|Any CPU.Build.0 = Release|Any CPU
		{F0AEB931-D6D8-45DC-B549-E8A39FEFBD4A}.Release|ARM.ActiveCfg = Release|Any CPU
		{F0AEB931-D6D8-45DC-B549-E8A39FEFBD4A}.Release|ARM.Build.0 = Release|Any CPU
		{F0AEB931-D6D8-45DC-B549-E8A39FEFBD4A}.Release|ARM64.ActiveCfg = Release|Any CPU
		{F0AEB931-D6D8-45DC-B549-E8A39FEFBD4A}.Release|ARM64.Build.0 = Release|Any CPU
		{F0AEB931-D6D8-45DC-B549-E8A39FEFBD4A}.Release|iPhone.ActiveCfg = Release|Any CPU
		{F0AEB931-D6D8-45DC-B549-E8A39FEFBD4A}.Release|iPhone.Build.0 = Release|Any CPU
		{F0AEB931-D6D8-45DC-B549-E8A39FEFBD4A}.Release|iPhoneSimulator.ActiveCfg = Release|Any CPU
		{F0AEB931-D6D8-45DC-B549-E8A39FEFBD4A}.Release|iPhoneSimulator.Build.0 = Release|Any CPU
		{F0AEB931-D6D8-45DC-B549-E8A39FEFBD4A}.Release|x64.ActiveCfg = Release|Any CPU
		{F0AEB931-D6D8-45DC-B549-E8A39FEFBD4A}.Release|x64.Build.0 = Release|Any CPU
		{F0AEB931-D6D8-45DC-B549-E8A39FEFBD4A}.Release|x86.ActiveCfg = Release|Any CPU
		{F0AEB931-D6D8-45DC-B549-E8A39FEFBD4A}.Release|x86.Build.0 = Release|Any CPU
		{50DA8A09-6AAD-43ED-8E63-0EA416F54657}.Debug|Any CPU.ActiveCfg = Debug|x64
		{50DA8A09-6AAD-43ED-8E63-0EA416F54657}.Debug|Any CPU.Build.0 = Debug|x64
		{50DA8A09-6AAD-43ED-8E63-0EA416F54657}.Debug|Any CPU.Deploy.0 = Debug|x64
		{50DA8A09-6AAD-43ED-8E63-0EA416F54657}.Debug|ARM.ActiveCfg = Debug|ARM
		{50DA8A09-6AAD-43ED-8E63-0EA416F54657}.Debug|ARM.Build.0 = Debug|ARM
		{50DA8A09-6AAD-43ED-8E63-0EA416F54657}.Debug|ARM.Deploy.0 = Debug|ARM
		{50DA8A09-6AAD-43ED-8E63-0EA416F54657}.Debug|ARM64.ActiveCfg = Debug|ARM64
		{50DA8A09-6AAD-43ED-8E63-0EA416F54657}.Debug|ARM64.Build.0 = Debug|ARM64
		{50DA8A09-6AAD-43ED-8E63-0EA416F54657}.Debug|ARM64.Deploy.0 = Debug|ARM64
		{50DA8A09-6AAD-43ED-8E63-0EA416F54657}.Debug|iPhone.ActiveCfg = Debug|x86
		{50DA8A09-6AAD-43ED-8E63-0EA416F54657}.Debug|iPhoneSimulator.ActiveCfg = Debug|x86
		{50DA8A09-6AAD-43ED-8E63-0EA416F54657}.Debug|x64.ActiveCfg = Debug|x64
		{50DA8A09-6AAD-43ED-8E63-0EA416F54657}.Debug|x64.Build.0 = Debug|x64
		{50DA8A09-6AAD-43ED-8E63-0EA416F54657}.Debug|x64.Deploy.0 = Debug|x64
		{50DA8A09-6AAD-43ED-8E63-0EA416F54657}.Debug|x86.ActiveCfg = Debug|x86
		{50DA8A09-6AAD-43ED-8E63-0EA416F54657}.Debug|x86.Build.0 = Debug|x86
		{50DA8A09-6AAD-43ED-8E63-0EA416F54657}.Debug|x86.Deploy.0 = Debug|x86
		{50DA8A09-6AAD-43ED-8E63-0EA416F54657}.Release|Any CPU.ActiveCfg = Release|x86
		{50DA8A09-6AAD-43ED-8E63-0EA416F54657}.Release|ARM.ActiveCfg = Release|ARM
		{50DA8A09-6AAD-43ED-8E63-0EA416F54657}.Release|ARM.Build.0 = Release|ARM
		{50DA8A09-6AAD-43ED-8E63-0EA416F54657}.Release|ARM.Deploy.0 = Release|ARM
		{50DA8A09-6AAD-43ED-8E63-0EA416F54657}.Release|ARM64.ActiveCfg = Release|ARM64
		{50DA8A09-6AAD-43ED-8E63-0EA416F54657}.Release|ARM64.Build.0 = Release|ARM64
		{50DA8A09-6AAD-43ED-8E63-0EA416F54657}.Release|ARM64.Deploy.0 = Release|ARM64
		{50DA8A09-6AAD-43ED-8E63-0EA416F54657}.Release|iPhone.ActiveCfg = Release|x86
		{50DA8A09-6AAD-43ED-8E63-0EA416F54657}.Release|iPhoneSimulator.ActiveCfg = Release|x86
		{50DA8A09-6AAD-43ED-8E63-0EA416F54657}.Release|x64.ActiveCfg = Release|x64
		{50DA8A09-6AAD-43ED-8E63-0EA416F54657}.Release|x64.Build.0 = Release|x64
		{50DA8A09-6AAD-43ED-8E63-0EA416F54657}.Release|x64.Deploy.0 = Release|x64
		{50DA8A09-6AAD-43ED-8E63-0EA416F54657}.Release|x86.ActiveCfg = Release|x86
		{50DA8A09-6AAD-43ED-8E63-0EA416F54657}.Release|x86.Build.0 = Release|x86
		{50DA8A09-6AAD-43ED-8E63-0EA416F54657}.Release|x86.Deploy.0 = Release|x86
		{449DB711-E7BC-4B73-8059-BD7AA479B20C}.Debug|Any CPU.ActiveCfg = Debug|Any CPU
		{449DB711-E7BC-4B73-8059-BD7AA479B20C}.Debug|Any CPU.Build.0 = Debug|Any CPU
		{449DB711-E7BC-4B73-8059-BD7AA479B20C}.Debug|ARM.ActiveCfg = Debug|Any CPU
		{449DB711-E7BC-4B73-8059-BD7AA479B20C}.Debug|ARM.Build.0 = Debug|Any CPU
		{449DB711-E7BC-4B73-8059-BD7AA479B20C}.Debug|ARM64.ActiveCfg = Debug|Any CPU
		{449DB711-E7BC-4B73-8059-BD7AA479B20C}.Debug|ARM64.Build.0 = Debug|Any CPU
		{449DB711-E7BC-4B73-8059-BD7AA479B20C}.Debug|iPhone.ActiveCfg = Debug|Any CPU
		{449DB711-E7BC-4B73-8059-BD7AA479B20C}.Debug|iPhone.Build.0 = Debug|Any CPU
		{449DB711-E7BC-4B73-8059-BD7AA479B20C}.Debug|iPhoneSimulator.ActiveCfg = Debug|Any CPU
		{449DB711-E7BC-4B73-8059-BD7AA479B20C}.Debug|iPhoneSimulator.Build.0 = Debug|Any CPU
		{449DB711-E7BC-4B73-8059-BD7AA479B20C}.Debug|x64.ActiveCfg = Debug|Any CPU
		{449DB711-E7BC-4B73-8059-BD7AA479B20C}.Debug|x64.Build.0 = Debug|Any CPU
		{449DB711-E7BC-4B73-8059-BD7AA479B20C}.Debug|x86.ActiveCfg = Debug|Any CPU
		{449DB711-E7BC-4B73-8059-BD7AA479B20C}.Debug|x86.Build.0 = Debug|Any CPU
		{449DB711-E7BC-4B73-8059-BD7AA479B20C}.Release|Any CPU.ActiveCfg = Release|Any CPU
		{449DB711-E7BC-4B73-8059-BD7AA479B20C}.Release|Any CPU.Build.0 = Release|Any CPU
		{449DB711-E7BC-4B73-8059-BD7AA479B20C}.Release|ARM.ActiveCfg = Release|Any CPU
		{449DB711-E7BC-4B73-8059-BD7AA479B20C}.Release|ARM.Build.0 = Release|Any CPU
		{449DB711-E7BC-4B73-8059-BD7AA479B20C}.Release|ARM64.ActiveCfg = Release|Any CPU
		{449DB711-E7BC-4B73-8059-BD7AA479B20C}.Release|ARM64.Build.0 = Release|Any CPU
		{449DB711-E7BC-4B73-8059-BD7AA479B20C}.Release|iPhone.ActiveCfg = Release|Any CPU
		{449DB711-E7BC-4B73-8059-BD7AA479B20C}.Release|iPhone.Build.0 = Release|Any CPU
		{449DB711-E7BC-4B73-8059-BD7AA479B20C}.Release|iPhoneSimulator.ActiveCfg = Release|Any CPU
		{449DB711-E7BC-4B73-8059-BD7AA479B20C}.Release|iPhoneSimulator.Build.0 = Release|Any CPU
		{449DB711-E7BC-4B73-8059-BD7AA479B20C}.Release|x64.ActiveCfg = Release|Any CPU
		{449DB711-E7BC-4B73-8059-BD7AA479B20C}.Release|x64.Build.0 = Release|Any CPU
		{449DB711-E7BC-4B73-8059-BD7AA479B20C}.Release|x86.ActiveCfg = Release|Any CPU
		{449DB711-E7BC-4B73-8059-BD7AA479B20C}.Release|x86.Build.0 = Release|Any CPU
		{85C780A0-147B-4192-A9D9-13F66084A433}.Debug|Any CPU.ActiveCfg = Debug|Any CPU
		{85C780A0-147B-4192-A9D9-13F66084A433}.Debug|Any CPU.Build.0 = Debug|Any CPU
		{85C780A0-147B-4192-A9D9-13F66084A433}.Debug|ARM.ActiveCfg = Debug|Any CPU
		{85C780A0-147B-4192-A9D9-13F66084A433}.Debug|ARM.Build.0 = Debug|Any CPU
		{85C780A0-147B-4192-A9D9-13F66084A433}.Debug|ARM64.ActiveCfg = Debug|Any CPU
		{85C780A0-147B-4192-A9D9-13F66084A433}.Debug|ARM64.Build.0 = Debug|Any CPU
		{85C780A0-147B-4192-A9D9-13F66084A433}.Debug|iPhone.ActiveCfg = Debug|Any CPU
		{85C780A0-147B-4192-A9D9-13F66084A433}.Debug|iPhone.Build.0 = Debug|Any CPU
		{85C780A0-147B-4192-A9D9-13F66084A433}.Debug|iPhoneSimulator.ActiveCfg = Debug|Any CPU
		{85C780A0-147B-4192-A9D9-13F66084A433}.Debug|iPhoneSimulator.Build.0 = Debug|Any CPU
		{85C780A0-147B-4192-A9D9-13F66084A433}.Debug|x64.ActiveCfg = Debug|Any CPU
		{85C780A0-147B-4192-A9D9-13F66084A433}.Debug|x64.Build.0 = Debug|Any CPU
		{85C780A0-147B-4192-A9D9-13F66084A433}.Debug|x86.ActiveCfg = Debug|Any CPU
		{85C780A0-147B-4192-A9D9-13F66084A433}.Debug|x86.Build.0 = Debug|Any CPU
		{85C780A0-147B-4192-A9D9-13F66084A433}.Release|Any CPU.ActiveCfg = Release|Any CPU
		{85C780A0-147B-4192-A9D9-13F66084A433}.Release|Any CPU.Build.0 = Release|Any CPU
		{85C780A0-147B-4192-A9D9-13F66084A433}.Release|ARM.ActiveCfg = Release|Any CPU
		{85C780A0-147B-4192-A9D9-13F66084A433}.Release|ARM.Build.0 = Release|Any CPU
		{85C780A0-147B-4192-A9D9-13F66084A433}.Release|ARM64.ActiveCfg = Release|Any CPU
		{85C780A0-147B-4192-A9D9-13F66084A433}.Release|ARM64.Build.0 = Release|Any CPU
		{85C780A0-147B-4192-A9D9-13F66084A433}.Release|iPhone.ActiveCfg = Release|Any CPU
		{85C780A0-147B-4192-A9D9-13F66084A433}.Release|iPhone.Build.0 = Release|Any CPU
		{85C780A0-147B-4192-A9D9-13F66084A433}.Release|iPhoneSimulator.ActiveCfg = Release|Any CPU
		{85C780A0-147B-4192-A9D9-13F66084A433}.Release|iPhoneSimulator.Build.0 = Release|Any CPU
		{85C780A0-147B-4192-A9D9-13F66084A433}.Release|x64.ActiveCfg = Release|Any CPU
		{85C780A0-147B-4192-A9D9-13F66084A433}.Release|x64.Build.0 = Release|Any CPU
		{85C780A0-147B-4192-A9D9-13F66084A433}.Release|x86.ActiveCfg = Release|Any CPU
		{85C780A0-147B-4192-A9D9-13F66084A433}.Release|x86.Build.0 = Release|Any CPU
		{E2B89C3A-F8BF-487A-8DEA-5849D9E671ED}.Debug|Any CPU.ActiveCfg = Debug|Any CPU
		{E2B89C3A-F8BF-487A-8DEA-5849D9E671ED}.Debug|Any CPU.Build.0 = Debug|Any CPU
		{E2B89C3A-F8BF-487A-8DEA-5849D9E671ED}.Debug|Any CPU.Deploy.0 = Debug|Any CPU
		{E2B89C3A-F8BF-487A-8DEA-5849D9E671ED}.Debug|ARM.ActiveCfg = Debug|Any CPU
		{E2B89C3A-F8BF-487A-8DEA-5849D9E671ED}.Debug|ARM.Build.0 = Debug|Any CPU
		{E2B89C3A-F8BF-487A-8DEA-5849D9E671ED}.Debug|ARM.Deploy.0 = Debug|Any CPU
		{E2B89C3A-F8BF-487A-8DEA-5849D9E671ED}.Debug|ARM64.ActiveCfg = Debug|Any CPU
		{E2B89C3A-F8BF-487A-8DEA-5849D9E671ED}.Debug|ARM64.Build.0 = Debug|Any CPU
		{E2B89C3A-F8BF-487A-8DEA-5849D9E671ED}.Debug|ARM64.Deploy.0 = Debug|Any CPU
		{E2B89C3A-F8BF-487A-8DEA-5849D9E671ED}.Debug|iPhone.ActiveCfg = Debug|Any CPU
		{E2B89C3A-F8BF-487A-8DEA-5849D9E671ED}.Debug|iPhone.Build.0 = Debug|Any CPU
		{E2B89C3A-F8BF-487A-8DEA-5849D9E671ED}.Debug|iPhone.Deploy.0 = Debug|Any CPU
		{E2B89C3A-F8BF-487A-8DEA-5849D9E671ED}.Debug|iPhoneSimulator.ActiveCfg = Debug|Any CPU
		{E2B89C3A-F8BF-487A-8DEA-5849D9E671ED}.Debug|iPhoneSimulator.Build.0 = Debug|Any CPU
		{E2B89C3A-F8BF-487A-8DEA-5849D9E671ED}.Debug|iPhoneSimulator.Deploy.0 = Debug|Any CPU
		{E2B89C3A-F8BF-487A-8DEA-5849D9E671ED}.Debug|x64.ActiveCfg = Debug|Any CPU
		{E2B89C3A-F8BF-487A-8DEA-5849D9E671ED}.Debug|x64.Build.0 = Debug|Any CPU
		{E2B89C3A-F8BF-487A-8DEA-5849D9E671ED}.Debug|x64.Deploy.0 = Debug|Any CPU
		{E2B89C3A-F8BF-487A-8DEA-5849D9E671ED}.Debug|x86.ActiveCfg = Debug|Any CPU
		{E2B89C3A-F8BF-487A-8DEA-5849D9E671ED}.Debug|x86.Build.0 = Debug|Any CPU
		{E2B89C3A-F8BF-487A-8DEA-5849D9E671ED}.Debug|x86.Deploy.0 = Debug|Any CPU
		{E2B89C3A-F8BF-487A-8DEA-5849D9E671ED}.Release|Any CPU.ActiveCfg = Release|Any CPU
		{E2B89C3A-F8BF-487A-8DEA-5849D9E671ED}.Release|Any CPU.Build.0 = Release|Any CPU
		{E2B89C3A-F8BF-487A-8DEA-5849D9E671ED}.Release|Any CPU.Deploy.0 = Release|Any CPU
		{E2B89C3A-F8BF-487A-8DEA-5849D9E671ED}.Release|ARM.ActiveCfg = Release|Any CPU
		{E2B89C3A-F8BF-487A-8DEA-5849D9E671ED}.Release|ARM.Build.0 = Release|Any CPU
		{E2B89C3A-F8BF-487A-8DEA-5849D9E671ED}.Release|ARM.Deploy.0 = Release|Any CPU
		{E2B89C3A-F8BF-487A-8DEA-5849D9E671ED}.Release|ARM64.ActiveCfg = Release|Any CPU
		{E2B89C3A-F8BF-487A-8DEA-5849D9E671ED}.Release|ARM64.Build.0 = Release|Any CPU
		{E2B89C3A-F8BF-487A-8DEA-5849D9E671ED}.Release|ARM64.Deploy.0 = Release|Any CPU
		{E2B89C3A-F8BF-487A-8DEA-5849D9E671ED}.Release|iPhone.ActiveCfg = Release|Any CPU
		{E2B89C3A-F8BF-487A-8DEA-5849D9E671ED}.Release|iPhone.Build.0 = Release|Any CPU
		{E2B89C3A-F8BF-487A-8DEA-5849D9E671ED}.Release|iPhone.Deploy.0 = Release|Any CPU
		{E2B89C3A-F8BF-487A-8DEA-5849D9E671ED}.Release|iPhoneSimulator.ActiveCfg = Release|Any CPU
		{E2B89C3A-F8BF-487A-8DEA-5849D9E671ED}.Release|iPhoneSimulator.Build.0 = Release|Any CPU
		{E2B89C3A-F8BF-487A-8DEA-5849D9E671ED}.Release|iPhoneSimulator.Deploy.0 = Release|Any CPU
		{E2B89C3A-F8BF-487A-8DEA-5849D9E671ED}.Release|x64.ActiveCfg = Release|Any CPU
		{E2B89C3A-F8BF-487A-8DEA-5849D9E671ED}.Release|x64.Build.0 = Release|Any CPU
		{E2B89C3A-F8BF-487A-8DEA-5849D9E671ED}.Release|x64.Deploy.0 = Release|Any CPU
		{E2B89C3A-F8BF-487A-8DEA-5849D9E671ED}.Release|x86.ActiveCfg = Release|Any CPU
		{E2B89C3A-F8BF-487A-8DEA-5849D9E671ED}.Release|x86.Build.0 = Release|Any CPU
		{E2B89C3A-F8BF-487A-8DEA-5849D9E671ED}.Release|x86.Deploy.0 = Release|Any CPU
		{DFEA257C-F55A-4D7A-B4F7-77E0644E17E5}.Debug|Any CPU.ActiveCfg = Debug|iPhoneSimulator
		{DFEA257C-F55A-4D7A-B4F7-77E0644E17E5}.Debug|ARM.ActiveCfg = Debug|iPhoneSimulator
		{DFEA257C-F55A-4D7A-B4F7-77E0644E17E5}.Debug|ARM64.ActiveCfg = Debug|iPhoneSimulator
		{DFEA257C-F55A-4D7A-B4F7-77E0644E17E5}.Debug|iPhone.ActiveCfg = Debug|iPhone
		{DFEA257C-F55A-4D7A-B4F7-77E0644E17E5}.Debug|iPhone.Build.0 = Debug|iPhone
		{DFEA257C-F55A-4D7A-B4F7-77E0644E17E5}.Debug|iPhoneSimulator.ActiveCfg = Debug|iPhoneSimulator
		{DFEA257C-F55A-4D7A-B4F7-77E0644E17E5}.Debug|iPhoneSimulator.Build.0 = Debug|iPhoneSimulator
		{DFEA257C-F55A-4D7A-B4F7-77E0644E17E5}.Debug|x64.ActiveCfg = Debug|iPhoneSimulator
		{DFEA257C-F55A-4D7A-B4F7-77E0644E17E5}.Debug|x86.ActiveCfg = Debug|iPhoneSimulator
		{DFEA257C-F55A-4D7A-B4F7-77E0644E17E5}.Release|Any CPU.ActiveCfg = Release|iPhoneSimulator
		{DFEA257C-F55A-4D7A-B4F7-77E0644E17E5}.Release|ARM.ActiveCfg = Release|iPhoneSimulator
		{DFEA257C-F55A-4D7A-B4F7-77E0644E17E5}.Release|ARM64.ActiveCfg = Release|iPhoneSimulator
		{DFEA257C-F55A-4D7A-B4F7-77E0644E17E5}.Release|iPhone.ActiveCfg = Release|iPhone
		{DFEA257C-F55A-4D7A-B4F7-77E0644E17E5}.Release|iPhone.Build.0 = Release|iPhone
		{DFEA257C-F55A-4D7A-B4F7-77E0644E17E5}.Release|iPhoneSimulator.ActiveCfg = Release|iPhoneSimulator
		{DFEA257C-F55A-4D7A-B4F7-77E0644E17E5}.Release|iPhoneSimulator.Build.0 = Release|iPhoneSimulator
		{DFEA257C-F55A-4D7A-B4F7-77E0644E17E5}.Release|x64.ActiveCfg = Release|iPhoneSimulator
		{DFEA257C-F55A-4D7A-B4F7-77E0644E17E5}.Release|x86.ActiveCfg = Release|iPhoneSimulator
		{377363E7-EE62-4038-9828-3B6432895B7A}.Debug|Any CPU.ActiveCfg = Debug|Any CPU
		{377363E7-EE62-4038-9828-3B6432895B7A}.Debug|Any CPU.Build.0 = Debug|Any CPU
		{377363E7-EE62-4038-9828-3B6432895B7A}.Debug|ARM.ActiveCfg = Debug|Any CPU
		{377363E7-EE62-4038-9828-3B6432895B7A}.Debug|ARM.Build.0 = Debug|Any CPU
		{377363E7-EE62-4038-9828-3B6432895B7A}.Debug|ARM64.ActiveCfg = Debug|Any CPU
		{377363E7-EE62-4038-9828-3B6432895B7A}.Debug|ARM64.Build.0 = Debug|Any CPU
		{377363E7-EE62-4038-9828-3B6432895B7A}.Debug|iPhone.ActiveCfg = Debug|Any CPU
		{377363E7-EE62-4038-9828-3B6432895B7A}.Debug|iPhone.Build.0 = Debug|Any CPU
		{377363E7-EE62-4038-9828-3B6432895B7A}.Debug|iPhoneSimulator.ActiveCfg = Debug|Any CPU
		{377363E7-EE62-4038-9828-3B6432895B7A}.Debug|iPhoneSimulator.Build.0 = Debug|Any CPU
		{377363E7-EE62-4038-9828-3B6432895B7A}.Debug|x64.ActiveCfg = Debug|Any CPU
		{377363E7-EE62-4038-9828-3B6432895B7A}.Debug|x64.Build.0 = Debug|Any CPU
		{377363E7-EE62-4038-9828-3B6432895B7A}.Debug|x86.ActiveCfg = Debug|Any CPU
		{377363E7-EE62-4038-9828-3B6432895B7A}.Debug|x86.Build.0 = Debug|Any CPU
		{377363E7-EE62-4038-9828-3B6432895B7A}.Release|Any CPU.ActiveCfg = Release|Any CPU
		{377363E7-EE62-4038-9828-3B6432895B7A}.Release|Any CPU.Build.0 = Release|Any CPU
		{377363E7-EE62-4038-9828-3B6432895B7A}.Release|ARM.ActiveCfg = Release|Any CPU
		{377363E7-EE62-4038-9828-3B6432895B7A}.Release|ARM.Build.0 = Release|Any CPU
		{377363E7-EE62-4038-9828-3B6432895B7A}.Release|ARM64.ActiveCfg = Release|Any CPU
		{377363E7-EE62-4038-9828-3B6432895B7A}.Release|ARM64.Build.0 = Release|Any CPU
		{377363E7-EE62-4038-9828-3B6432895B7A}.Release|iPhone.ActiveCfg = Release|Any CPU
		{377363E7-EE62-4038-9828-3B6432895B7A}.Release|iPhone.Build.0 = Release|Any CPU
		{377363E7-EE62-4038-9828-3B6432895B7A}.Release|iPhoneSimulator.ActiveCfg = Release|Any CPU
		{377363E7-EE62-4038-9828-3B6432895B7A}.Release|iPhoneSimulator.Build.0 = Release|Any CPU
		{377363E7-EE62-4038-9828-3B6432895B7A}.Release|x64.ActiveCfg = Release|Any CPU
		{377363E7-EE62-4038-9828-3B6432895B7A}.Release|x64.Build.0 = Release|Any CPU
		{377363E7-EE62-4038-9828-3B6432895B7A}.Release|x86.ActiveCfg = Release|Any CPU
		{377363E7-EE62-4038-9828-3B6432895B7A}.Release|x86.Build.0 = Release|Any CPU
	EndGlobalSection
	GlobalSection(SolutionProperties) = preSolution
		HideSolutionNode = FALSE
	EndGlobalSection
	GlobalSection(ExtensibilityGlobals) = postSolution
		SolutionGuid = {38F2DE05-62CB-4190-9E7C-52984120F66B}
	EndGlobalSection
EndGlobal
